// !$*UTF8*$!
{
	archiveVersion = 1;
	classes = {
	};
	objectVersion = 56;
	objects = {

/* Begin PBXBuildFile section */
		B90B0E39295B1FC40007DC32 /* WeatherSearchBar.swift in Sources */ = {isa = PBXBuildFile; fileRef = B90B0E38295B1FC40007DC32 /* WeatherSearchBar.swift */; };
		B9C09E672959E0F300F02792 /* WeatherAppApp.swift in Sources */ = {isa = PBXBuildFile; fileRef = B9C09E662959E0F300F02792 /* WeatherAppApp.swift */; };
		B9C09E692959E0F300F02792 /* ContentView.swift in Sources */ = {isa = PBXBuildFile; fileRef = B9C09E682959E0F300F02792 /* ContentView.swift */; };
		B9C09E6B2959E0F500F02792 /* Assets.xcassets in Resources */ = {isa = PBXBuildFile; fileRef = B9C09E6A2959E0F500F02792 /* Assets.xcassets */; };
		B9C09E6E2959E0F500F02792 /* Preview Assets.xcassets in Resources */ = {isa = PBXBuildFile; fileRef = B9C09E6D2959E0F500F02792 /* Preview Assets.xcassets */; };
		B9C09E762959EF8200F02792 /* LocationManager.swift in Sources */ = {isa = PBXBuildFile; fileRef = B9C09E752959EF8200F02792 /* LocationManager.swift */; };
		B9C09E792959F16000F02792 /* WelcomeView.swift in Sources */ = {isa = PBXBuildFile; fileRef = B9C09E782959F16000F02792 /* WelcomeView.swift */; };
		B9C09E7B2959F55A00F02792 /* LoadingView.swift in Sources */ = {isa = PBXBuildFile; fileRef = B9C09E7A2959F55A00F02792 /* LoadingView.swift */; };
		B9C09E7D2959FAFA00F02792 /* WeatherManager.swift in Sources */ = {isa = PBXBuildFile; fileRef = B9C09E7C2959FAFA00F02792 /* WeatherManager.swift */; };
		B9C09E802959FD6C00F02792 /* WeatherModel.swift in Sources */ = {isa = PBXBuildFile; fileRef = B9C09E7F2959FD6C00F02792 /* WeatherModel.swift */; };
		B9C09E82295A0FE300F02792 /* WeatherView.swift in Sources */ = {isa = PBXBuildFile; fileRef = B9C09E81295A0FE300F02792 /* WeatherView.swift */; };
		B9C09E84295A101E00F02792 /* ModelData.swift in Sources */ = {isa = PBXBuildFile; fileRef = B9C09E83295A101E00F02792 /* ModelData.swift */; };
		B9C09E86295A109300F02792 /* ModelData.json in Resources */ = {isa = PBXBuildFile; fileRef = B9C09E85295A109300F02792 /* ModelData.json */; };
		B9C09E88295A118100F02792 /* Extensions.swift in Sources */ = {isa = PBXBuildFile; fileRef = B9C09E87295A118100F02792 /* Extensions.swift */; };
		B9C09E8B295A1AB000F02792 /* WeatherRow.swift in Sources */ = {isa = PBXBuildFile; fileRef = B9C09E8A295A1AB000F02792 /* WeatherRow.swift */; };
/* End PBXBuildFile section */

/* Begin PBXFileReference section */
		B90B0E38295B1FC40007DC32 /* WeatherSearchBar.swift */ = {isa = PBXFileReference; lastKnownFileType = sourcecode.swift; path = WeatherSearchBar.swift; sourceTree = "<group>"; };
		B9C09E632959E0F300F02792 /* WeatherApp.app */ = {isa = PBXFileReference; explicitFileType = wrapper.application; includeInIndex = 0; path = WeatherApp.app; sourceTree = BUILT_PRODUCTS_DIR; };
		B9C09E662959E0F300F02792 /* WeatherAppApp.swift */ = {isa = PBXFileReference; lastKnownFileType = sourcecode.swift; path = WeatherAppApp.swift; sourceTree = "<group>"; };
		B9C09E682959E0F300F02792 /* ContentView.swift */ = {isa = PBXFileReference; lastKnownFileType = sourcecode.swift; path = ContentView.swift; sourceTree = "<group>"; };
		B9C09E6A2959E0F500F02792 /* Assets.xcassets */ = {isa = PBXFileReference; lastKnownFileType = folder.assetcatalog; path = Assets.xcassets; sourceTree = "<group>"; };
		B9C09E6D2959E0F500F02792 /* Preview Assets.xcassets */ = {isa = PBXFileReference; lastKnownFileType = folder.assetcatalog; path = "Preview Assets.xcassets"; sourceTree = "<group>"; };
		B9C09E752959EF8200F02792 /* LocationManager.swift */ = {isa = PBXFileReference; lastKnownFileType = sourcecode.swift; path = LocationManager.swift; sourceTree = "<group>"; };
		B9C09E782959F16000F02792 /* WelcomeView.swift */ = {isa = PBXFileReference; lastKnownFileType = sourcecode.swift; path = WelcomeView.swift; sourceTree = "<group>"; };
		B9C09E7A2959F55A00F02792 /* LoadingView.swift */ = {isa = PBXFileReference; lastKnownFileType = sourcecode.swift; path = LoadingView.swift; sourceTree = "<group>"; };
		B9C09E7C2959FAFA00F02792 /* WeatherManager.swift */ = {isa = PBXFileReference; lastKnownFileType = sourcecode.swift; path = WeatherManager.swift; sourceTree = "<group>"; };
		B9C09E7F2959FD6C00F02792 /* WeatherModel.swift */ = {isa = PBXFileReference; lastKnownFileType = sourcecode.swift; path = WeatherModel.swift; sourceTree = "<group>"; };
		B9C09E81295A0FE300F02792 /* WeatherView.swift */ = {isa = PBXFileReference; lastKnownFileType = sourcecode.swift; path = WeatherView.swift; sourceTree = "<group>"; };
		B9C09E83295A101E00F02792 /* ModelData.swift */ = {isa = PBXFileReference; lastKnownFileType = sourcecode.swift; path = ModelData.swift; sourceTree = "<group>"; };
		B9C09E85295A109300F02792 /* ModelData.json */ = {isa = PBXFileReference; lastKnownFileType = text.json; path = ModelData.json; sourceTree = "<group>"; };
		B9C09E87295A118100F02792 /* Extensions.swift */ = {isa = PBXFileReference; lastKnownFileType = sourcecode.swift; path = Extensions.swift; sourceTree = "<group>"; };
		B9C09E8A295A1AB000F02792 /* WeatherRow.swift */ = {isa = PBXFileReference; lastKnownFileType = sourcecode.swift; path = WeatherRow.swift; sourceTree = "<group>"; };
/* End PBXFileReference section */

/* Begin PBXFrameworksBuildPhase section */
		B9C09E602959E0F300F02792 /* Frameworks */ = {
			isa = PBXFrameworksBuildPhase;
			buildActionMask = 2147483647;
			files = (
			);
			runOnlyForDeploymentPostprocessing = 0;
		};
/* End PBXFrameworksBuildPhase section */

/* Begin PBXGroup section */
		B9C09E5A2959E0F300F02792 = {
			isa = PBXGroup;
			children = (
				B9C09E652959E0F300F02792 /* WeatherApp */,
				B9C09E642959E0F300F02792 /* Products */,
			);
			sourceTree = "<group>";
		};
		B9C09E642959E0F300F02792 /* Products */ = {
			isa = PBXGroup;
			children = (
				B9C09E632959E0F300F02792 /* WeatherApp.app */,
			);
			name = Products;
			sourceTree = "<group>";
		};
		B9C09E652959E0F300F02792 /* WeatherApp */ = {
			isa = PBXGroup;
			children = (
				B9C09E89295A1A8200F02792 /* Components */,
				B9C09E7E2959FD5C00F02792 /* Models */,
				B9C09E772959F11100F02792 /* Views */,
				B9C09E742959EF6C00F02792 /* Manager */,
				B9C09E662959E0F300F02792 /* WeatherAppApp.swift */,
				B9C09E87295A118100F02792 /* Extensions.swift */,
				B9C09E6A2959E0F500F02792 /* Assets.xcassets */,
				B9C09E6C2959E0F500F02792 /* Preview Content */,
			);
			path = WeatherApp;
			sourceTree = "<group>";
		};
		B9C09E6C2959E0F500F02792 /* Preview Content */ = {
			isa = PBXGroup;
			children = (
				B9C09E6D2959E0F500F02792 /* Preview Assets.xcassets */,
				B9C09E83295A101E00F02792 /* ModelData.swift */,
				B9C09E85295A109300F02792 /* ModelData.json */,
			);
			path = "Preview Content";
			sourceTree = "<group>";
		};
		B9C09E742959EF6C00F02792 /* Manager */ = {
			isa = PBXGroup;
			children = (
				B9C09E752959EF8200F02792 /* LocationManager.swift */,
				B9C09E7C2959FAFA00F02792 /* WeatherManager.swift */,
			);
			path = Manager;
			sourceTree = "<group>";
		};
		B9C09E772959F11100F02792 /* Views */ = {
			isa = PBXGroup;
			children = (
				B9C09E682959E0F300F02792 /* ContentView.swift */,
				B9C09E782959F16000F02792 /* WelcomeView.swift */,
				B9C09E7A2959F55A00F02792 /* LoadingView.swift */,
				B9C09E81295A0FE300F02792 /* WeatherView.swift */,
			);
			path = Views;
			sourceTree = "<group>";
		};
		B9C09E7E2959FD5C00F02792 /* Models */ = {
			isa = PBXGroup;
			children = (
				B9C09E7F2959FD6C00F02792 /* WeatherModel.swift */,
			);
			path = Models;
			sourceTree = "<group>";
		};
		B9C09E89295A1A8200F02792 /* Components */ = {
			isa = PBXGroup;
			children = (
				B9C09E8A295A1AB000F02792 /* WeatherRow.swift */,
				B90B0E38295B1FC40007DC32 /* WeatherSearchBar.swift */,
			);
			path = Components;
			sourceTree = "<group>";
		};
/* End PBXGroup section */

/* Begin PBXNativeTarget section */
		B9C09E622959E0F300F02792 /* WeatherApp */ = {
			isa = PBXNativeTarget;
			buildConfigurationList = B9C09E712959E0F500F02792 /* Build configuration list for PBXNativeTarget "WeatherApp" */;
			buildPhases = (
				B9C09E5F2959E0F300F02792 /* Sources */,
				B9C09E602959E0F300F02792 /* Frameworks */,
				B9C09E612959E0F300F02792 /* Resources */,
			);
			buildRules = (
			);
			dependencies = (
			);
			name = WeatherApp;
			productName = WeatherApp;
			productReference = B9C09E632959E0F300F02792 /* WeatherApp.app */;
			productType = "com.apple.product-type.application";
		};
/* End PBXNativeTarget section */

/* Begin PBXProject section */
		B9C09E5B2959E0F300F02792 /* Project object */ = {
			isa = PBXProject;
			attributes = {
				BuildIndependentTargetsInParallel = 1;
				LastSwiftUpdateCheck = 1400;
				LastUpgradeCheck = 1400;
				TargetAttributes = {
					B9C09E622959E0F300F02792 = {
						CreatedOnToolsVersion = 14.0;
					};
				};
			};
			buildConfigurationList = B9C09E5E2959E0F300F02792 /* Build configuration list for PBXProject "WeatherApp" */;
			compatibilityVersion = "Xcode 14.0";
			developmentRegion = en;
			hasScannedForEncodings = 0;
			knownRegions = (
				en,
				Base,
			);
			mainGroup = B9C09E5A2959E0F300F02792;
			productRefGroup = B9C09E642959E0F300F02792 /* Products */;
			projectDirPath = "";
			projectRoot = "";
			targets = (
				B9C09E622959E0F300F02792 /* WeatherApp */,
			);
		};
/* End PBXProject section */

/* Begin PBXResourcesBuildPhase section */
		B9C09E612959E0F300F02792 /* Resources */ = {
			isa = PBXResourcesBuildPhase;
			buildActionMask = 2147483647;
			files = (
				B9C09E86295A109300F02792 /* ModelData.json in Resources */,
				B9C09E6E2959E0F500F02792 /* Preview Assets.xcassets in Resources */,
				B9C09E6B2959E0F500F02792 /* Assets.xcassets in Resources */,
			);
			runOnlyForDeploymentPostprocessing = 0;
		};
/* End PBXResourcesBuildPhase section */

/* Begin PBXSourcesBuildPhase section */
		B9C09E5F2959E0F300F02792 /* Sources */ = {
			isa = PBXSourcesBuildPhase;
			buildActionMask = 2147483647;
			files = (
				B9C09E8B295A1AB000F02792 /* WeatherRow.swift in Sources */,
				B9C09E7D2959FAFA00F02792 /* WeatherManager.swift in Sources */,
				B9C09E692959E0F300F02792 /* ContentView.swift in Sources */,
				B9C09E84295A101E00F02792 /* ModelData.swift in Sources */,
				B90B0E39295B1FC40007DC32 /* WeatherSearchBar.swift in Sources */,
				B9C09E672959E0F300F02792 /* WeatherAppApp.swift in Sources */,
				B9C09E802959FD6C00F02792 /* WeatherModel.swift in Sources */,
				B9C09E88295A118100F02792 /* Extensions.swift in Sources */,
				B9C09E762959EF8200F02792 /* LocationManager.swift in Sources */,
				B9C09E7B2959F55A00F02792 /* LoadingView.swift in Sources */,
				B9C09E792959F16000F02792 /* WelcomeView.swift in Sources */,
				B9C09E82295A0FE300F02792 /* WeatherView.swift in Sources */,
			);
			runOnlyForDeploymentPostprocessing = 0;
		};
/* End PBXSourcesBuildPhase section */

/* Begin XCBuildConfiguration section */
		B9C09E6F2959E0F500F02792 /* Debug */ = {
			isa = XCBuildConfiguration;
			buildSettings = {
				ALWAYS_SEARCH_USER_PATHS = NO;
				CLANG_ANALYZER_NONNULL = YES;
				CLANG_ANALYZER_NUMBER_OBJECT_CONVERSION = YES_AGGRESSIVE;
				CLANG_CXX_LANGUAGE_STANDARD = "gnu++20";
				CLANG_ENABLE_MODULES = YES;
				CLANG_ENABLE_OBJC_ARC = YES;
				CLANG_ENABLE_OBJC_WEAK = YES;
				CLANG_WARN_BLOCK_CAPTURE_AUTORELEASING = YES;
				CLANG_WARN_BOOL_CONVERSION = YES;
				CLANG_WARN_COMMA = YES;
				CLANG_WARN_CONSTANT_CONVERSION = YES;
				CLANG_WARN_DEPRECATED_OBJC_IMPLEMENTATIONS = YES;
				CLANG_WARN_DIRECT_OBJC_ISA_USAGE = YES_ERROR;
				CLANG_WARN_DOCUMENTATION_COMMENTS = YES;
				CLANG_WARN_EMPTY_BODY = YES;
				CLANG_WARN_ENUM_CONVERSION = YES;
				CLANG_WARN_INFINITE_RECURSION = YES;
				CLANG_WARN_INT_CONVERSION = YES;
				CLANG_WARN_NON_LITERAL_NULL_CONVERSION = YES;
				CLANG_WARN_OBJC_IMPLICIT_RETAIN_SELF = YES;
				CLANG_WARN_OBJC_LITERAL_CONVERSION = YES;
				CLANG_WARN_OBJC_ROOT_CLASS = YES_ERROR;
				CLANG_WARN_QUOTED_INCLUDE_IN_FRAMEWORK_HEADER = YES;
				CLANG_WARN_RANGE_LOOP_ANALYSIS = YES;
				CLANG_WARN_STRICT_PROTOTYPES = YES;
				CLANG_WARN_SUSPICIOUS_MOVE = YES;
				CLANG_WARN_UNGUARDED_AVAILABILITY = YES_AGGRESSIVE;
				CLANG_WARN_UNREACHABLE_CODE = YES;
				CLANG_WARN__DUPLICATE_METHOD_MATCH = YES;
				COPY_PHASE_STRIP = NO;
				DEBUG_INFORMATION_FORMAT = dwarf;
				ENABLE_STRICT_OBJC_MSGSEND = YES;
				ENABLE_TESTABILITY = YES;
				GCC_C_LANGUAGE_STANDARD = gnu11;
				GCC_DYNAMIC_NO_PIC = NO;
				GCC_NO_COMMON_BLOCKS = YES;
				GCC_OPTIMIZATION_LEVEL = 0;
				GCC_PREPROCESSOR_DEFINITIONS = (
					"DEBUG=1",
					"$(inherited)",
				);
				GCC_WARN_64_TO_32_BIT_CONVERSION = YES;
				GCC_WARN_ABOUT_RETURN_TYPE = YES_ERROR;
				GCC_WARN_UNDECLARED_SELECTOR = YES;
				GCC_WARN_UNINITIALIZED_AUTOS = YES_AGGRESSIVE;
				GCC_WARN_UNUSED_FUNCTION = YES;
				GCC_WARN_UNUSED_VARIABLE = YES;
				IPHONEOS_DEPLOYMENT_TARGET = 16.0;
				MTL_ENABLE_DEBUG_INFO = INCLUDE_SOURCE;
				MTL_FAST_MATH = YES;
				ONLY_ACTIVE_ARCH = YES;
				SDKROOT = iphoneos;
				SWIFT_ACTIVE_COMPILATION_CONDITIONS = DEBUG;
				SWIFT_OPTIMIZATION_LEVEL = "-Onone";
			};
			name = Debug;
		};
		B9C09E702959E0F500F02792 /* Release */ = {
			isa = XCBuildConfiguration;
			buildSettings = {
				ALWAYS_SEARCH_USER_PATHS = NO;
				CLANG_ANALYZER_NONNULL = YES;
				CLANG_ANALYZER_NUMBER_OBJECT_CONVERSION = YES_AGGRESSIVE;
				CLANG_CXX_LANGUAGE_STANDARD = "gnu++20";
				CLANG_ENABLE_MODULES = YES;
				CLANG_ENABLE_OBJC_ARC = YES;
				CLANG_ENABLE_OBJC_WEAK = YES;
				CLANG_WARN_BLOCK_CAPTURE_AUTORELEASING = YES;
				CLANG_WARN_BOOL_CONVERSION = YES;
				CLANG_WARN_COMMA = YES;
				CLANG_WARN_CONSTANT_CONVERSION = YES;
				CLANG_WARN_DEPRECATED_OBJC_IMPLEMENTATIONS = YES;
				CLANG_WARN_DIRECT_OBJC_ISA_USAGE = YES_ERROR;
				CLANG_WARN_DOCUMENTATION_COMMENTS = YES;
				CLANG_WARN_EMPTY_BODY = YES;
				CLANG_WARN_ENUM_CONVERSION = YES;
				CLANG_WARN_INFINITE_RECURSION = YES;
				CLANG_WARN_INT_CONVERSION = YES;
				CLANG_WARN_NON_LITERAL_NULL_CONVERSION = YES;
				CLANG_WARN_OBJC_IMPLICIT_RETAIN_SELF = YES;
				CLANG_WARN_OBJC_LITERAL_CONVERSION = YES;
				CLANG_WARN_OBJC_ROOT_CLASS = YES_ERROR;
				CLANG_WARN_QUOTED_INCLUDE_IN_FRAMEWORK_HEADER = YES;
				CLANG_WARN_RANGE_LOOP_ANALYSIS = YES;
				CLANG_WARN_STRICT_PROTOTYPES = YES;
				CLANG_WARN_SUSPICIOUS_MOVE = YES;
				CLANG_WARN_UNGUARDED_AVAILABILITY = YES_AGGRESSIVE;
				CLANG_WARN_UNREACHABLE_CODE = YES;
				CLANG_WARN__DUPLICATE_METHOD_MATCH = YES;
				COPY_PHASE_STRIP = NO;
				DEBUG_INFORMATION_FORMAT = "dwarf-with-dsym";
				ENABLE_NS_ASSERTIONS = NO;
				ENABLE_STRICT_OBJC_MSGSEND = YES;
				GCC_C_LANGUAGE_STANDARD = gnu11;
				GCC_NO_COMMON_BLOCKS = YES;
				GCC_WARN_64_TO_32_BIT_CONVERSION = YES;
				GCC_WARN_ABOUT_RETURN_TYPE = YES_ERROR;
				GCC_WARN_UNDECLARED_SELECTOR = YES;
				GCC_WARN_UNINITIALIZED_AUTOS = YES_AGGRESSIVE;
				GCC_WARN_UNUSED_FUNCTION = YES;
				GCC_WARN_UNUSED_VARIABLE = YES;
				IPHONEOS_DEPLOYMENT_TARGET = 16.0;
				MTL_ENABLE_DEBUG_INFO = NO;
				MTL_FAST_MATH = YES;
				SDKROOT = iphoneos;
				SWIFT_COMPILATION_MODE = wholemodule;
				SWIFT_OPTIMIZATION_LEVEL = "-O";
				VALIDATE_PRODUCT = YES;
			};
			name = Release;
		};
		B9C09E722959E0F500F02792 /* Debug */ = {
			isa = XCBuildConfiguration;
			buildSettings = {
				ASSETCATALOG_COMPILER_APPICON_NAME = AppIcon;
				ASSETCATALOG_COMPILER_GLOBAL_ACCENT_COLOR_NAME = AccentColor;
				CODE_SIGN_STYLE = Automatic;
				CURRENT_PROJECT_VERSION = 1;
				DEVELOPMENT_ASSET_PATHS = "\"WeatherApp/Preview Content\"";
				DEVELOPMENT_TEAM = 2FYUQK2G53;
				ENABLE_PREVIEWS = YES;
				GENERATE_INFOPLIST_FILE = YES;
				INFOPLIST_KEY_UIApplicationSceneManifest_Generation = YES;
				INFOPLIST_KEY_UIApplicationSupportsIndirectInputEvents = YES;
				INFOPLIST_KEY_UILaunchScreen_Generation = YES;
				INFOPLIST_KEY_UISupportedInterfaceOrientations_iPad = "UIInterfaceOrientationPortrait UIInterfaceOrientationPortraitUpsideDown UIInterfaceOrientationLandscapeLeft UIInterfaceOrientationLandscapeRight";
				INFOPLIST_KEY_UISupportedInterfaceOrientations_iPhone = "UIInterfaceOrientationPortrait UIInterfaceOrientationLandscapeLeft UIInterfaceOrientationLandscapeRight";
				LD_RUNPATH_SEARCH_PATHS = (
					"$(inherited)",
					"@executable_path/Frameworks",
				);
				MARKETING_VERSION = 1.0;
				PRODUCT_BUNDLE_IDENTIFIER = com.chethan.WeatherApp.WeatherApp;
				PRODUCT_NAME = "$(TARGET_NAME)";
				SWIFT_EMIT_LOC_STRINGS = YES;
				SWIFT_VERSION = 5.0;
				TARGETED_DEVICE_FAMILY = "1,2";
			};
			name = Debug;
		};
		B9C09E732959E0F500F02792 /* Release */ = {
			isa = XCBuildConfiguration;
			buildSettings = {
				ASSETCATALOG_COMPILER_APPICON_NAME = AppIcon;
				ASSETCATALOG_COMPILER_GLOBAL_ACCENT_COLOR_NAME = AccentColor;
				CODE_SIGN_STYLE = Automatic;
				CURRENT_PROJECT_VERSION = 1;
				DEVELOPMENT_ASSET_PATHS = "\"WeatherApp/Preview Content\"";
				DEVELOPMENT_TEAM = 2FYUQK2G53;
				ENABLE_PREVIEWS = YES;
				GENERATE_INFOPLIST_FILE = YES;
				INFOPLIST_KEY_UIApplicationSceneManifest_Generation = YES;
				INFOPLIST_KEY_UIApplicationSupportsIndirectInputEvents = YES;
				INFOPLIST_KEY_UILaunchScreen_Generation = YES;
				INFOPLIST_KEY_UISupportedInterfaceOrientations_iPad = "UIInterfaceOrientationPortrait UIInterfaceOrientationPortraitUpsideDown UIInterfaceOrientationLandscapeLeft UIInterfaceOrientationLandscapeRight";
				INFOPLIST_KEY_UISupportedInterfaceOrientations_iPhone = "UIInterfaceOrientationPortrait UIInterfaceOrientationLandscapeLeft UIInterfaceOrientationLandscapeRight";
				LD_RUNPATH_SEARCH_PATHS = (
					"$(inherited)",
					"@executable_path/Frameworks",
				);
				MARKETING_VERSION = 1.0;
				PRODUCT_BUNDLE_IDENTIFIER = com.chethan.WeatherApp.WeatherApp;
				PRODUCT_NAME = "$(TARGET_NAME)";
				SWIFT_EMIT_LOC_STRINGS = YES;
				SWIFT_VERSION = 5.0;
				TARGETED_DEVICE_FAMILY = "1,2";
			};
			name = Release;
		};
/* End XCBuildConfiguration section */

/* Begin XCConfigurationList section */
		B9C09E5E2959E0F300F02792 /* Build configuration list for PBXProject "WeatherApp" */ = {
			isa = XCConfigurationList;
			buildConfigurations = (
				B9C09E6F2959E0F500F02792 /* Debug */,
				B9C09E702959E0F500F02792 /* Release */,
			);
			defaultConfigurationIsVisible = 0;
			defaultConfigurationName = Release;
		};
		B9C09E712959E0F500F02792 /* Build configuration list for PBXNativeTarget "WeatherApp" */ = {
			isa = XCConfigurationList;
			buildConfigurations = (
				B9C09E722959E0F500F02792 /* Debug */,
				B9C09E732959E0F500F02792 /* Release */,
			);
			defaultConfigurationIsVisible = 0;
			defaultConfigurationName = Release;
		};
/* End XCConfigurationList section */
	};
	rootObject = B9C09E5B2959E0F300F02792 /* Project object */;
}
